# This file is automatically @generated by Cargo.
# It is not intended for manual editing.
version = 4

[[package]]
name = "frk-core"
version = "0.0.1"

[[package]]
name = "frk-dialects"
version = "0.0.1"

[[package]]
name = "frk-front"
version = "0.0.1"

[[package]]
name = "frk-harness"
version = "0.0.1"

[[package]]
name = "frk-interp"
version = "0.0.1"

[[package]]
name = "frk-rt"
version = "0.0.1"

[[package]]
name = "frnksh"
version = "0.0.1"
